
Microsoft Visual Studio Solution File, Format Version 12.00
# Visual Studio Version 17
VisualStudioVersion = 17.14.36414.22 d17.14
MinimumVisualStudioVersion = 10.0.40219.1
Project("{FAE04EC0-301F-11D3-BF4B-00C04F79EFBC}") = "Arreglos_Bidimencionales", "Arreglos_Bidimencionales\Arreglos_Bidimencionales.csproj", "{35A2F40C-F566-4154-97AD-486A7B45712C}"
EndProject
Global
	GlobalSection(SolutionConfigurationPlatforms) = preSolution
		Debug|Any CPU = Debug|Any CPU
		Release|Any CPU = Release|Any CPU
	EndGlobalSection
	GlobalSection(ProjectConfigurationPlatforms) = postSolution
		{35A2F40C-F566-4154-97AD-486A7B45712C}.Debug|Any CPU.ActiveCfg = Debug|Any CPU
		{35A2F40C-F566-4154-97AD-486A7B45712C}.Debug|Any CPU.Build.0 = Debug|Any CPU
		{35A2F40C-F566-4154-97AD-486A7B45712C}.Release|Any CPU.ActiveCfg = Release|Any CPU
		{35A2F40C-F566-4154-97AD-486A7B45712C}.Release|Any CPU.Build.0 = Release|Any CPU
	EndGlobalSection
	GlobalSection(SolutionProperties) = preSolution
		HideSolutionNode = FALSE
	EndGlobalSection
	GlobalSection(ExtensibilityGlobals) = postSolution
		SolutionGuid = {A31F99EF-75A6-4EED-B610-2FFEB1540B0C}
	EndGlobalSection
EndGlobal
