
Microsoft Visual Studio Solution File, Format Version 12.00
# Visual Studio Version 17
VisualStudioVersion = 17.14.36414.22 d17.14
MinimumVisualStudioVersion = 10.0.40219.1
Project("{FAE04EC0-301F-11D3-BF4B-00C04F79EFBC}") = "boletos_de_avion2", "boletos_de_avion2\boletos_de_avion2.csproj", "{28592B2D-127A-48C2-91DD-0AE0810270A6}"
EndProject
Global
	GlobalSection(SolutionConfigurationPlatforms) = preSolution
		Debug|Any CPU = Debug|Any CPU
		Release|Any CPU = Release|Any CPU
	EndGlobalSection
	GlobalSection(ProjectConfigurationPlatforms) = postSolution
		{28592B2D-127A-48C2-91DD-0AE0810270A6}.Debug|Any CPU.ActiveCfg = Debug|Any CPU
		{28592B2D-127A-48C2-91DD-0AE0810270A6}.Debug|Any CPU.Build.0 = Debug|Any CPU
		{28592B2D-127A-48C2-91DD-0AE0810270A6}.Release|Any CPU.ActiveCfg = Release|Any CPU
		{28592B2D-127A-48C2-91DD-0AE0810270A6}.Release|Any CPU.Build.0 = Release|Any CPU
	EndGlobalSection
	GlobalSection(SolutionProperties) = preSolution
		HideSolutionNode = FALSE
	EndGlobalSection
	GlobalSection(ExtensibilityGlobals) = postSolution
		SolutionGuid = {4F694C43-2231-45B3-A3B7-29CF350F92E4}
	EndGlobalSection
EndGlobal
