
Microsoft Visual Studio Solution File, Format Version 12.00
# Visual Studio Version 17
VisualStudioVersion = 17.14.36414.22 d17.14
MinimumVisualStudioVersion = 10.0.40219.1
Project("{FAE04EC0-301F-11D3-BF4B-00C04F79EFBC}") = "conversion_de_grados", "conversion_de_grados\conversion_de_grados.csproj", "{408CC81E-8979-43D7-A563-0E4674DE085E}"
EndProject
Global
	GlobalSection(SolutionConfigurationPlatforms) = preSolution
		Debug|Any CPU = Debug|Any CPU
		Release|Any CPU = Release|Any CPU
	EndGlobalSection
	GlobalSection(ProjectConfigurationPlatforms) = postSolution
		{408CC81E-8979-43D7-A563-0E4674DE085E}.Debug|Any CPU.ActiveCfg = Debug|Any CPU
		{408CC81E-8979-43D7-A563-0E4674DE085E}.Debug|Any CPU.Build.0 = Debug|Any CPU
		{408CC81E-8979-43D7-A563-0E4674DE085E}.Release|Any CPU.ActiveCfg = Release|Any CPU
		{408CC81E-8979-43D7-A563-0E4674DE085E}.Release|Any CPU.Build.0 = Release|Any CPU
	EndGlobalSection
	GlobalSection(SolutionProperties) = preSolution
		HideSolutionNode = FALSE
	EndGlobalSection
	GlobalSection(ExtensibilityGlobals) = postSolution
		SolutionGuid = {8DE6B3D8-A23A-4847-9EAE-59AA583911C4}
	EndGlobalSection
EndGlobal
