
Microsoft Visual Studio Solution File, Format Version 12.00
# Visual Studio Version 17
VisualStudioVersion = 17.14.36414.22 d17.14
MinimumVisualStudioVersion = 10.0.40219.1
Project("{FAE04EC0-301F-11D3-BF4B-00C04F79EFBC}") = "examen", "examen\examen.csproj", "{06399A21-0E5B-4609-B4D8-987FE840FED3}"
EndProject
Global
	GlobalSection(SolutionConfigurationPlatforms) = preSolution
		Debug|Any CPU = Debug|Any CPU
		Release|Any CPU = Release|Any CPU
	EndGlobalSection
	GlobalSection(ProjectConfigurationPlatforms) = postSolution
		{06399A21-0E5B-4609-B4D8-987FE840FED3}.Debug|Any CPU.ActiveCfg = Debug|Any CPU
		{06399A21-0E5B-4609-B4D8-987FE840FED3}.Debug|Any CPU.Build.0 = Debug|Any CPU
		{06399A21-0E5B-4609-B4D8-987FE840FED3}.Release|Any CPU.ActiveCfg = Release|Any CPU
		{06399A21-0E5B-4609-B4D8-987FE840FED3}.Release|Any CPU.Build.0 = Release|Any CPU
	EndGlobalSection
	GlobalSection(SolutionProperties) = preSolution
		HideSolutionNode = FALSE
	EndGlobalSection
	GlobalSection(ExtensibilityGlobals) = postSolution
		SolutionGuid = {7A211B45-EF50-456C-9AE1-37127A33A61D}
	EndGlobalSection
EndGlobal
