
Microsoft Visual Studio Solution File, Format Version 12.00
# Visual Studio Version 17
VisualStudioVersion = 17.14.36414.22 d17.14
MinimumVisualStudioVersion = 10.0.40219.1
Project("{FAE04EC0-301F-11D3-BF4B-00C04F79EFBC}") = "uso_de_funciones", "uso_de_funciones\uso_de_funciones.csproj", "{96A4963E-EA54-4989-9AF3-3EA8CE9A7B18}"
EndProject
Global
	GlobalSection(SolutionConfigurationPlatforms) = preSolution
		Debug|Any CPU = Debug|Any CPU
		Release|Any CPU = Release|Any CPU
	EndGlobalSection
	GlobalSection(ProjectConfigurationPlatforms) = postSolution
		{96A4963E-EA54-4989-9AF3-3EA8CE9A7B18}.Debug|Any CPU.ActiveCfg = Debug|Any CPU
		{96A4963E-EA54-4989-9AF3-3EA8CE9A7B18}.Debug|Any CPU.Build.0 = Debug|Any CPU
		{96A4963E-EA54-4989-9AF3-3EA8CE9A7B18}.Release|Any CPU.ActiveCfg = Release|Any CPU
		{96A4963E-EA54-4989-9AF3-3EA8CE9A7B18}.Release|Any CPU.Build.0 = Release|Any CPU
	EndGlobalSection
	GlobalSection(SolutionProperties) = preSolution
		HideSolutionNode = FALSE
	EndGlobalSection
	GlobalSection(ExtensibilityGlobals) = postSolution
		SolutionGuid = {CD016D99-A302-4F5F-8B00-82FDD53EACE3}
	EndGlobalSection
EndGlobal
